
Microsoft Visual Studio Solution File, Format Version 12.00
# Visual Studio Version 17
VisualStudioVersion = 17.5.33414.496
MinimumVisualStudioVersion = 10.0.40219.1
Project("{8BC9CEB8-8B4A-11D0-8D11-00A0C91BC942}") = "Es3", "Es3.vcxproj", "{21BA3061-566A-4152-A8A1-7B538163E3C9}"
EndProject
Project("{8BC9CEB8-8B4A-11D0-8D11-00A0C91BC942}") = "read_int32 v.2", "..\read_int32 v.2\read_int32 v.2.vcxproj", "{59E6AF39-BE27-4F8C-BE96-C53290FA3CB2}"
EndProject
Global
	GlobalSection(SolutionConfigurationPlatforms) = preSolution
		Debug|x64 = Debug|x64
		Debug|x86 = Debug|x86
		Release|x64 = Release|x64
		Release|x86 = Release|x86
	EndGlobalSection
	GlobalSection(ProjectConfigurationPlatforms) = postSolution
		{21BA3061-566A-4152-A8A1-7B538163E3C9}.Debug|x64.ActiveCfg = Debug|x64
		{21BA3061-566A-4152-A8A1-7B538163E3C9}.Debug|x64.Build.0 = Debug|x64
		{21BA3061-566A-4152-A8A1-7B538163E3C9}.Debug|x86.ActiveCfg = Debug|Win32
		{21BA3061-566A-4152-A8A1-7B538163E3C9}.Debug|x86.Build.0 = Debug|Win32
		{21BA3061-566A-4152-A8A1-7B538163E3C9}.Release|x64.ActiveCfg = Release|x64
		{21BA3061-566A-4152-A8A1-7B538163E3C9}.Release|x64.Build.0 = Release|x64
		{21BA3061-566A-4152-A8A1-7B538163E3C9}.Release|x86.ActiveCfg = Release|Win32
		{21BA3061-566A-4152-A8A1-7B538163E3C9}.Release|x86.Build.0 = Release|Win32
		{59E6AF39-BE27-4F8C-BE96-C53290FA3CB2}.Debug|x64.ActiveCfg = Debug|x64
		{59E6AF39-BE27-4F8C-BE96-C53290FA3CB2}.Debug|x64.Build.0 = Debug|x64
		{59E6AF39-BE27-4F8C-BE96-C53290FA3CB2}.Debug|x86.ActiveCfg = Debug|Win32
		{59E6AF39-BE27-4F8C-BE96-C53290FA3CB2}.Debug|x86.Build.0 = Debug|Win32
		{59E6AF39-BE27-4F8C-BE96-C53290FA3CB2}.Release|x64.ActiveCfg = Release|x64
		{59E6AF39-BE27-4F8C-BE96-C53290FA3CB2}.Release|x64.Build.0 = Release|x64
		{59E6AF39-BE27-4F8C-BE96-C53290FA3CB2}.Release|x86.ActiveCfg = Release|Win32
		{59E6AF39-BE27-4F8C-BE96-C53290FA3CB2}.Release|x86.Build.0 = Release|Win32
	EndGlobalSection
	GlobalSection(SolutionProperties) = preSolution
		HideSolutionNode = FALSE
	EndGlobalSection
	GlobalSection(ExtensibilityGlobals) = postSolution
		SolutionGuid = {70FD4211-A9E2-412C-8735-C98A78289498}
	EndGlobalSection
EndGlobal
