
Microsoft Visual Studio Solution File, Format Version 12.00
# Visual Studio Version 17
VisualStudioVersion = 17.5.33414.496
MinimumVisualStudioVersion = 10.0.40219.1
Project("{8BC9CEB8-8B4A-11D0-8D11-00A0C91BC942}") = "Es 4 write_int11", "Es 4 write_int11\Es 4 write_int11.vcxproj", "{F663E9A0-577A-459B-B270-65167ED364C6}"
EndProject
Project("{8BC9CEB8-8B4A-11D0-8D11-00A0C91BC942}") = "write_int11sol", "writeint11 sol\writeint11 sol.vcxproj", "{843F566C-1E72-4CBF-A23C-2F87313CAE35}"
EndProject
Project("{2150E333-8FDC-42A3-9474-1A3956D46DE8}") = "Elementi di soluzione", "Elementi di soluzione", "{A247E217-6CCC-49AE-B33A-4CE8CC7004C5}"
	ProjectSection(SolutionItems) = preProject
		fout.bin = fout.bin
	EndProjectSection
EndProject
Project("{8BC9CEB8-8B4A-11D0-8D11-00A0C91BC942}") = "write_int11 bitwriter class", "write_int11 bitwriter class\write_int11 bitwriter class.vcxproj", "{858F6F97-C14C-4ABF-B956-2E5B2393BFBB}"
EndProject
Global
	GlobalSection(SolutionConfigurationPlatforms) = preSolution
		Debug|x64 = Debug|x64
		Debug|x86 = Debug|x86
		Release|x64 = Release|x64
		Release|x86 = Release|x86
	EndGlobalSection
	GlobalSection(ProjectConfigurationPlatforms) = postSolution
		{F663E9A0-577A-459B-B270-65167ED364C6}.Debug|x64.ActiveCfg = Debug|x64
		{F663E9A0-577A-459B-B270-65167ED364C6}.Debug|x64.Build.0 = Debug|x64
		{F663E9A0-577A-459B-B270-65167ED364C6}.Debug|x86.ActiveCfg = Debug|Win32
		{F663E9A0-577A-459B-B270-65167ED364C6}.Debug|x86.Build.0 = Debug|Win32
		{F663E9A0-577A-459B-B270-65167ED364C6}.Release|x64.ActiveCfg = Release|x64
		{F663E9A0-577A-459B-B270-65167ED364C6}.Release|x64.Build.0 = Release|x64
		{F663E9A0-577A-459B-B270-65167ED364C6}.Release|x86.ActiveCfg = Release|Win32
		{F663E9A0-577A-459B-B270-65167ED364C6}.Release|x86.Build.0 = Release|Win32
		{843F566C-1E72-4CBF-A23C-2F87313CAE35}.Debug|x64.ActiveCfg = Debug|x64
		{843F566C-1E72-4CBF-A23C-2F87313CAE35}.Debug|x64.Build.0 = Debug|x64
		{843F566C-1E72-4CBF-A23C-2F87313CAE35}.Debug|x86.ActiveCfg = Debug|Win32
		{843F566C-1E72-4CBF-A23C-2F87313CAE35}.Debug|x86.Build.0 = Debug|Win32
		{843F566C-1E72-4CBF-A23C-2F87313CAE35}.Release|x64.ActiveCfg = Release|x64
		{843F566C-1E72-4CBF-A23C-2F87313CAE35}.Release|x64.Build.0 = Release|x64
		{843F566C-1E72-4CBF-A23C-2F87313CAE35}.Release|x86.ActiveCfg = Release|Win32
		{843F566C-1E72-4CBF-A23C-2F87313CAE35}.Release|x86.Build.0 = Release|Win32
		{858F6F97-C14C-4ABF-B956-2E5B2393BFBB}.Debug|x64.ActiveCfg = Debug|x64
		{858F6F97-C14C-4ABF-B956-2E5B2393BFBB}.Debug|x64.Build.0 = Debug|x64
		{858F6F97-C14C-4ABF-B956-2E5B2393BFBB}.Debug|x86.ActiveCfg = Debug|Win32
		{858F6F97-C14C-4ABF-B956-2E5B2393BFBB}.Debug|x86.Build.0 = Debug|Win32
		{858F6F97-C14C-4ABF-B956-2E5B2393BFBB}.Release|x64.ActiveCfg = Release|x64
		{858F6F97-C14C-4ABF-B956-2E5B2393BFBB}.Release|x64.Build.0 = Release|x64
		{858F6F97-C14C-4ABF-B956-2E5B2393BFBB}.Release|x86.ActiveCfg = Release|Win32
		{858F6F97-C14C-4ABF-B956-2E5B2393BFBB}.Release|x86.Build.0 = Release|Win32
	EndGlobalSection
	GlobalSection(SolutionProperties) = preSolution
		HideSolutionNode = FALSE
	EndGlobalSection
	GlobalSection(ExtensibilityGlobals) = postSolution
		SolutionGuid = {79AEDE18-A219-443F-87AC-77F556845903}
	EndGlobalSection
EndGlobal
