
Microsoft Visual Studio Solution File, Format Version 12.00
# Visual Studio Version 17
VisualStudioVersion = 17.5.33414.496
MinimumVisualStudioVersion = 10.0.40219.1
Project("{8BC9CEB8-8B4A-11D0-8D11-00A0C91BC942}") = "4-Sort int with move", "4-Sort int with move\4-Sort int with move.vcxproj", "{A8392986-BC34-4481-A877-13A701870579}"
EndProject
Project("{8BC9CEB8-8B4A-11D0-8D11-00A0C91BC942}") = "2-Sort Int more oop", "2-sort int more oop\sort int more oop.vcxproj", "{1854631D-68FD-48A3-AA92-A71307EBB269}"
EndProject
Project("{8BC9CEB8-8B4A-11D0-8D11-00A0C91BC942}") = "3-Sort int full C++", "3-Sort int full C++\3-Sort int full C++.vcxproj", "{BBF0A7F7-1CD5-46B7-9C0B-442F10349CEF}"
EndProject
Project("{8BC9CEB8-8B4A-11D0-8D11-00A0C91BC942}") = "1-Sort Int", "1-Sort Int\Sort Int.vcxproj", "{A935E41B-5B15-41F0-8A31-A31029209F84}"
EndProject
Global
	GlobalSection(SolutionConfigurationPlatforms) = preSolution
		Debug|x64 = Debug|x64
		Debug|x86 = Debug|x86
		Release|x64 = Release|x64
		Release|x86 = Release|x86
	EndGlobalSection
	GlobalSection(ProjectConfigurationPlatforms) = postSolution
		{A8392986-BC34-4481-A877-13A701870579}.Debug|x64.ActiveCfg = Debug|x64
		{A8392986-BC34-4481-A877-13A701870579}.Debug|x64.Build.0 = Debug|x64
		{A8392986-BC34-4481-A877-13A701870579}.Debug|x86.ActiveCfg = Debug|Win32
		{A8392986-BC34-4481-A877-13A701870579}.Debug|x86.Build.0 = Debug|Win32
		{A8392986-BC34-4481-A877-13A701870579}.Release|x64.ActiveCfg = Release|x64
		{A8392986-BC34-4481-A877-13A701870579}.Release|x64.Build.0 = Release|x64
		{A8392986-BC34-4481-A877-13A701870579}.Release|x86.ActiveCfg = Release|Win32
		{A8392986-BC34-4481-A877-13A701870579}.Release|x86.Build.0 = Release|Win32
		{1854631D-68FD-48A3-AA92-A71307EBB269}.Debug|x64.ActiveCfg = Debug|x64
		{1854631D-68FD-48A3-AA92-A71307EBB269}.Debug|x64.Build.0 = Debug|x64
		{1854631D-68FD-48A3-AA92-A71307EBB269}.Debug|x86.ActiveCfg = Debug|Win32
		{1854631D-68FD-48A3-AA92-A71307EBB269}.Debug|x86.Build.0 = Debug|Win32
		{1854631D-68FD-48A3-AA92-A71307EBB269}.Release|x64.ActiveCfg = Release|x64
		{1854631D-68FD-48A3-AA92-A71307EBB269}.Release|x64.Build.0 = Release|x64
		{1854631D-68FD-48A3-AA92-A71307EBB269}.Release|x86.ActiveCfg = Release|Win32
		{1854631D-68FD-48A3-AA92-A71307EBB269}.Release|x86.Build.0 = Release|Win32
		{BBF0A7F7-1CD5-46B7-9C0B-442F10349CEF}.Debug|x64.ActiveCfg = Debug|x64
		{BBF0A7F7-1CD5-46B7-9C0B-442F10349CEF}.Debug|x64.Build.0 = Debug|x64
		{BBF0A7F7-1CD5-46B7-9C0B-442F10349CEF}.Debug|x86.ActiveCfg = Debug|Win32
		{BBF0A7F7-1CD5-46B7-9C0B-442F10349CEF}.Debug|x86.Build.0 = Debug|Win32
		{BBF0A7F7-1CD5-46B7-9C0B-442F10349CEF}.Release|x64.ActiveCfg = Release|x64
		{BBF0A7F7-1CD5-46B7-9C0B-442F10349CEF}.Release|x64.Build.0 = Release|x64
		{BBF0A7F7-1CD5-46B7-9C0B-442F10349CEF}.Release|x86.ActiveCfg = Release|Win32
		{BBF0A7F7-1CD5-46B7-9C0B-442F10349CEF}.Release|x86.Build.0 = Release|Win32
		{A935E41B-5B15-41F0-8A31-A31029209F84}.Debug|x64.ActiveCfg = Debug|x64
		{A935E41B-5B15-41F0-8A31-A31029209F84}.Debug|x64.Build.0 = Debug|x64
		{A935E41B-5B15-41F0-8A31-A31029209F84}.Debug|x86.ActiveCfg = Debug|Win32
		{A935E41B-5B15-41F0-8A31-A31029209F84}.Debug|x86.Build.0 = Debug|Win32
		{A935E41B-5B15-41F0-8A31-A31029209F84}.Release|x64.ActiveCfg = Release|x64
		{A935E41B-5B15-41F0-8A31-A31029209F84}.Release|x64.Build.0 = Release|x64
		{A935E41B-5B15-41F0-8A31-A31029209F84}.Release|x86.ActiveCfg = Release|Win32
		{A935E41B-5B15-41F0-8A31-A31029209F84}.Release|x86.Build.0 = Release|Win32
	EndGlobalSection
	GlobalSection(SolutionProperties) = preSolution
		HideSolutionNode = FALSE
	EndGlobalSection
	GlobalSection(ExtensibilityGlobals) = postSolution
		SolutionGuid = {85AAABBE-C8C1-4202-A98F-EFCC3A1B2C47}
	EndGlobalSection
EndGlobal
